// !$*UTF8*$!
{
	archiveVersion = 1;
	classes = {
	};
	objectVersion = 46;
	objects = {

/* Begin PBXBuildFile section */
		99F907CE1E5C9F4A00FF0920 /* ImagesList.storyboard in Resources */ = {isa = PBXBuildFile; fileRef = 99F907CD1E5C9F4A00FF0920 /* ImagesList.storyboard */; };
		99F907D11E5CA10000FF0920 /* Alamofire.framework in Frameworks */ = {isa = PBXBuildFile; fileRef = 99F907D01E5CA10000FF0920 /* Alamofire.framework */; };
		99F907D31E5CA10400FF0920 /* AlamofireImage.framework in Frameworks */ = {isa = PBXBuildFile; fileRef = 99F907D21E5CA10400FF0920 /* AlamofireImage.framework */; };
		99F907D51E5CA10A00FF0920 /* DZNEmptyDataSet.framework in Frameworks */ = {isa = PBXBuildFile; fileRef = 99F907D41E5CA10A00FF0920 /* DZNEmptyDataSet.framework */; };
		99F907D71E5CA11200FF0920 /* SwiftyJSON.framework in Frameworks */ = {isa = PBXBuildFile; fileRef = 99F907D61E5CA11200FF0920 /* SwiftyJSON.framework */; };
		99F907DA1E5CA23C00FF0920 /* NetworkingEngine.swift in Sources */ = {isa = PBXBuildFile; fileRef = 99F907D91E5CA23C00FF0920 /* NetworkingEngine.swift */; };
		99F907DC1E5CA2DD00FF0920 /* RequestProtocol.swift in Sources */ = {isa = PBXBuildFile; fileRef = 99F907DB1E5CA2DD00FF0920 /* RequestProtocol.swift */; };
		99F907DE1E5CA2ED00FF0920 /* InterpreterProtocol.swift in Sources */ = {isa = PBXBuildFile; fileRef = 99F907DD1E5CA2ED00FF0920 /* InterpreterProtocol.swift */; };
		99F907E01E5CA31400FF0920 /* ResponseModel.swift in Sources */ = {isa = PBXBuildFile; fileRef = 99F907DF1E5CA31400FF0920 /* ResponseModel.swift */; };
		99F907E21E5CA82F00FF0920 /* FlickrFeedController.swift in Sources */ = {isa = PBXBuildFile; fileRef = 99F907E11E5CA82F00FF0920 /* FlickrFeedController.swift */; };
		99F907E51E5CA89500FF0920 /* FlickrFeedModel.swift in Sources */ = {isa = PBXBuildFile; fileRef = 99F907E41E5CA89500FF0920 /* FlickrFeedModel.swift */; };
		99F907E71E5CAB0F00FF0920 /* FlickrFeedRequest.swift in Sources */ = {isa = PBXBuildFile; fileRef = 99F907E61E5CAB0F00FF0920 /* FlickrFeedRequest.swift */; };
		99F907E91E5CAE4B00FF0920 /* ImageListViewController.swift in Sources */ = {isa = PBXBuildFile; fileRef = 99F907E81E5CAE4B00FF0920 /* ImageListViewController.swift */; };
		99F907EB1E5CAE5C00FF0920 /* ImageDetailsViewController.swift in Sources */ = {isa = PBXBuildFile; fileRef = 99F907EA1E5CAE5C00FF0920 /* ImageDetailsViewController.swift */; };
		99F907ED1E5CBF3700FF0920 /* Timepiece.framework in Frameworks */ = {isa = PBXBuildFile; fileRef = 99F907EC1E5CBF3700FF0920 /* Timepiece.framework */; };
		99F907EF1E5CBF9400FF0920 /* FlickrFeedInterpreter.swift in Sources */ = {isa = PBXBuildFile; fileRef = 99F907EE1E5CBF9400FF0920 /* FlickrFeedInterpreter.swift */; };
		99F907F11E5CC1C900FF0920 /* ImageListTableViewCell.swift in Sources */ = {isa = PBXBuildFile; fileRef = 99F907F01E5CC1C900FF0920 /* ImageListTableViewCell.swift */; };
		99F907F31E5CC35300FF0920 /* ImageListTableDataSource.swift in Sources */ = {isa = PBXBuildFile; fileRef = 99F907F21E5CC35300FF0920 /* ImageListTableDataSource.swift */; };
		99F907F81E5CE5D900FF0920 /* ImageDetailsDataSource.swift in Sources */ = {isa = PBXBuildFile; fileRef = 99F907F71E5CE5D900FF0920 /* ImageDetailsDataSource.swift */; };
		99FFEB3B1E5B8241003A3F77 /* AppDelegate.swift in Sources */ = {isa = PBXBuildFile; fileRef = 99FFEB3A1E5B8241003A3F77 /* AppDelegate.swift */; };
		99FFEB421E5B8241003A3F77 /* Assets.xcassets in Resources */ = {isa = PBXBuildFile; fileRef = 99FFEB411E5B8241003A3F77 /* Assets.xcassets */; };
		99FFEB451E5B8241003A3F77 /* LaunchScreen.storyboard in Resources */ = {isa = PBXBuildFile; fileRef = 99FFEB431E5B8241003A3F77 /* LaunchScreen.storyboard */; };
		99FFEB501E5B8241003A3F77 /* YetAnotherImageGalleryTests.swift in Sources */ = {isa = PBXBuildFile; fileRef = 99FFEB4F1E5B8241003A3F77 /* YetAnotherImageGalleryTests.swift */; };
		99FFEB5B1E5B8241003A3F77 /* YetAnotherImageGalleryUITests.swift in Sources */ = {isa = PBXBuildFile; fileRef = 99FFEB5A1E5B8241003A3F77 /* YetAnotherImageGalleryUITests.swift */; };
		99FFEB691E5B84E7003A3F77 /* Cartfile in Resources */ = {isa = PBXBuildFile; fileRef = 99FFEB681E5B84E7003A3F77 /* Cartfile */; };
		99FFEB6B1E5B89A0003A3F77 /* .gitignore in Resources */ = {isa = PBXBuildFile; fileRef = 99FFEB6A1E5B89A0003A3F77 /* .gitignore */; };
/* End PBXBuildFile section */

/* Begin PBXContainerItemProxy section */
		99FFEB4C1E5B8241003A3F77 /* PBXContainerItemProxy */ = {
			isa = PBXContainerItemProxy;
			containerPortal = 99FFEB2F1E5B8240003A3F77 /* Project object */;
			proxyType = 1;
			remoteGlobalIDString = 99FFEB361E5B8241003A3F77;
			remoteInfo = YetAnotherImageGallery;
		};
		99FFEB571E5B8241003A3F77 /* PBXContainerItemProxy */ = {
			isa = PBXContainerItemProxy;
			containerPortal = 99FFEB2F1E5B8240003A3F77 /* Project object */;
			proxyType = 1;
			remoteGlobalIDString = 99FFEB361E5B8241003A3F77;
			remoteInfo = YetAnotherImageGallery;
		};
/* End PBXContainerItemProxy section */

/* Begin PBXFileReference section */
		99F907CD1E5C9F4A00FF0920 /* ImagesList.storyboard */ = {isa = PBXFileReference; fileEncoding = 4; lastKnownFileType = file.storyboard; path = ImagesList.storyboard; sourceTree = "<group>"; };
		99F907D01E5CA10000FF0920 /* Alamofire.framework */ = {isa = PBXFileReference; lastKnownFileType = wrapper.framework; name = Alamofire.framework; path = Carthage/Build/iOS/Alamofire.framework; sourceTree = "<group>"; };
		99F907D21E5CA10400FF0920 /* AlamofireImage.framework */ = {isa = PBXFileReference; lastKnownFileType = wrapper.framework; name = AlamofireImage.framework; path = Carthage/Build/iOS/AlamofireImage.framework; sourceTree = "<group>"; };
		99F907D41E5CA10A00FF0920 /* DZNEmptyDataSet.framework */ = {isa = PBXFileReference; lastKnownFileType = wrapper.framework; name = DZNEmptyDataSet.framework; path = Carthage/Build/iOS/DZNEmptyDataSet.framework; sourceTree = "<group>"; };
		99F907D61E5CA11200FF0920 /* SwiftyJSON.framework */ = {isa = PBXFileReference; lastKnownFileType = wrapper.framework; name = SwiftyJSON.framework; path = Carthage/Build/iOS/SwiftyJSON.framework; sourceTree = "<group>"; };
		99F907D91E5CA23C00FF0920 /* NetworkingEngine.swift */ = {isa = PBXFileReference; fileEncoding = 4; lastKnownFileType = sourcecode.swift; path = NetworkingEngine.swift; sourceTree = "<group>"; };
		99F907DB1E5CA2DD00FF0920 /* RequestProtocol.swift */ = {isa = PBXFileReference; fileEncoding = 4; lastKnownFileType = sourcecode.swift; path = RequestProtocol.swift; sourceTree = "<group>"; };
		99F907DD1E5CA2ED00FF0920 /* InterpreterProtocol.swift */ = {isa = PBXFileReference; fileEncoding = 4; lastKnownFileType = sourcecode.swift; path = InterpreterProtocol.swift; sourceTree = "<group>"; };
		99F907DF1E5CA31400FF0920 /* ResponseModel.swift */ = {isa = PBXFileReference; fileEncoding = 4; lastKnownFileType = sourcecode.swift; path = ResponseModel.swift; sourceTree = "<group>"; };
		99F907E11E5CA82F00FF0920 /* FlickrFeedController.swift */ = {isa = PBXFileReference; fileEncoding = 4; lastKnownFileType = sourcecode.swift; path = FlickrFeedController.swift; sourceTree = "<group>"; };
		99F907E41E5CA89500FF0920 /* FlickrFeedModel.swift */ = {isa = PBXFileReference; fileEncoding = 4; lastKnownFileType = sourcecode.swift; path = FlickrFeedModel.swift; sourceTree = "<group>"; };
		99F907E61E5CAB0F00FF0920 /* FlickrFeedRequest.swift */ = {isa = PBXFileReference; fileEncoding = 4; lastKnownFileType = sourcecode.swift; path = FlickrFeedRequest.swift; sourceTree = "<group>"; };
		99F907E81E5CAE4B00FF0920 /* ImageListViewController.swift */ = {isa = PBXFileReference; fileEncoding = 4; lastKnownFileType = sourcecode.swift; path = ImageListViewController.swift; sourceTree = "<group>"; };
		99F907EA1E5CAE5C00FF0920 /* ImageDetailsViewController.swift */ = {isa = PBXFileReference; fileEncoding = 4; lastKnownFileType = sourcecode.swift; path = ImageDetailsViewController.swift; sourceTree = "<group>"; };
		99F907EC1E5CBF3700FF0920 /* Timepiece.framework */ = {isa = PBXFileReference; lastKnownFileType = wrapper.framework; name = Timepiece.framework; path = Carthage/Build/iOS/Timepiece.framework; sourceTree = "<group>"; };
		99F907EE1E5CBF9400FF0920 /* FlickrFeedInterpreter.swift */ = {isa = PBXFileReference; fileEncoding = 4; lastKnownFileType = sourcecode.swift; path = FlickrFeedInterpreter.swift; sourceTree = "<group>"; };
		99F907F01E5CC1C900FF0920 /* ImageListTableViewCell.swift */ = {isa = PBXFileReference; fileEncoding = 4; lastKnownFileType = sourcecode.swift; path = ImageListTableViewCell.swift; sourceTree = "<group>"; };
		99F907F21E5CC35300FF0920 /* ImageListTableDataSource.swift */ = {isa = PBXFileReference; fileEncoding = 4; lastKnownFileType = sourcecode.swift; path = ImageListTableDataSource.swift; sourceTree = "<group>"; };
		99F907F71E5CE5D900FF0920 /* ImageDetailsDataSource.swift */ = {isa = PBXFileReference; fileEncoding = 4; lastKnownFileType = sourcecode.swift; path = ImageDetailsDataSource.swift; sourceTree = "<group>"; };
		99FFEB371E5B8241003A3F77 /* YetAnotherImageGallery.app */ = {isa = PBXFileReference; explicitFileType = wrapper.application; includeInIndex = 0; path = YetAnotherImageGallery.app; sourceTree = BUILT_PRODUCTS_DIR; };
		99FFEB3A1E5B8241003A3F77 /* AppDelegate.swift */ = {isa = PBXFileReference; lastKnownFileType = sourcecode.swift; path = AppDelegate.swift; sourceTree = "<group>"; };
		99FFEB411E5B8241003A3F77 /* Assets.xcassets */ = {isa = PBXFileReference; lastKnownFileType = folder.assetcatalog; path = Assets.xcassets; sourceTree = "<group>"; };
		99FFEB441E5B8241003A3F77 /* Base */ = {isa = PBXFileReference; lastKnownFileType = file.storyboard; name = Base; path = Base.lproj/LaunchScreen.storyboard; sourceTree = "<group>"; };
		99FFEB461E5B8241003A3F77 /* Info.plist */ = {isa = PBXFileReference; lastKnownFileType = text.plist.xml; path = Info.plist; sourceTree = "<group>"; };
		99FFEB4B1E5B8241003A3F77 /* YetAnotherImageGalleryTests.xctest */ = {isa = PBXFileReference; explicitFileType = wrapper.cfbundle; includeInIndex = 0; path = YetAnotherImageGalleryTests.xctest; sourceTree = BUILT_PRODUCTS_DIR; };
		99FFEB4F1E5B8241003A3F77 /* YetAnotherImageGalleryTests.swift */ = {isa = PBXFileReference; lastKnownFileType = sourcecode.swift; path = YetAnotherImageGalleryTests.swift; sourceTree = "<group>"; };
		99FFEB511E5B8241003A3F77 /* Info.plist */ = {isa = PBXFileReference; lastKnownFileType = text.plist.xml; path = Info.plist; sourceTree = "<group>"; };
		99FFEB561E5B8241003A3F77 /* YetAnotherImageGalleryUITests.xctest */ = {isa = PBXFileReference; explicitFileType = wrapper.cfbundle; includeInIndex = 0; path = YetAnotherImageGalleryUITests.xctest; sourceTree = BUILT_PRODUCTS_DIR; };
		99FFEB5A1E5B8241003A3F77 /* YetAnotherImageGalleryUITests.swift */ = {isa = PBXFileReference; lastKnownFileType = sourcecode.swift; path = YetAnotherImageGalleryUITests.swift; sourceTree = "<group>"; };
		99FFEB5C1E5B8241003A3F77 /* Info.plist */ = {isa = PBXFileReference; lastKnownFileType = text.plist.xml; path = Info.plist; sourceTree = "<group>"; };
		99FFEB681E5B84E7003A3F77 /* Cartfile */ = {isa = PBXFileReference; fileEncoding = 4; lastKnownFileType = text; path = Cartfile; sourceTree = "<group>"; };
		99FFEB6A1E5B89A0003A3F77 /* .gitignore */ = {isa = PBXFileReference; fileEncoding = 4; lastKnownFileType = text; path = .gitignore; sourceTree = "<group>"; };
/* End PBXFileReference section */

/* Begin PBXFrameworksBuildPhase section */
		99FFEB341E5B8241003A3F77 /* Frameworks */ = {
			isa = PBXFrameworksBuildPhase;
			buildActionMask = 2147483647;
			files = (
				99F907D11E5CA10000FF0920 /* Alamofire.framework in Frameworks */,
				99F907D31E5CA10400FF0920 /* AlamofireImage.framework in Frameworks */,
				99F907D71E5CA11200FF0920 /* SwiftyJSON.framework in Frameworks */,
				99F907D51E5CA10A00FF0920 /* DZNEmptyDataSet.framework in Frameworks */,
				99F907ED1E5CBF3700FF0920 /* Timepiece.framework in Frameworks */,
			);
			runOnlyForDeploymentPostprocessing = 0;
		};
		99FFEB481E5B8241003A3F77 /* Frameworks */ = {
			isa = PBXFrameworksBuildPhase;
			buildActionMask = 2147483647;
			files = (
			);
			runOnlyForDeploymentPostprocessing = 0;
		};
		99FFEB531E5B8241003A3F77 /* Frameworks */ = {
			isa = PBXFrameworksBuildPhase;
			buildActionMask = 2147483647;
			files = (
			);
			runOnlyForDeploymentPostprocessing = 0;
		};
/* End PBXFrameworksBuildPhase section */

/* Begin PBXGroup section */
		99F907C81E5C9E7000FF0920 /* Networking */ = {
			isa = PBXGroup;
			children = (
				99F907D91E5CA23C00FF0920 /* NetworkingEngine.swift */,
				99F907DB1E5CA2DD00FF0920 /* RequestProtocol.swift */,
				99F907DD1E5CA2ED00FF0920 /* InterpreterProtocol.swift */,
				99F907DF1E5CA31400FF0920 /* ResponseModel.swift */,
			);
			path = Networking;
			sourceTree = "<group>";
		};
		99F907C91E5C9E7D00FF0920 /* UI */ = {
			isa = PBXGroup;
			children = (
				99F907CC1E5C9ED700FF0920 /* ImagesList */,
				99F907CB1E5C9EBE00FF0920 /* LaunchScreen */,
			);
			path = UI;
			sourceTree = "<group>";
		};
		99F907CA1E5C9EA800FF0920 /* DomainLogic */ = {
			isa = PBXGroup;
			children = (
				99F907E31E5CA86D00FF0920 /* FlickrFeed */,
			);
			path = DomainLogic;
			sourceTree = "<group>";
		};
		99F907CB1E5C9EBE00FF0920 /* LaunchScreen */ = {
			isa = PBXGroup;
			children = (
				99FFEB431E5B8241003A3F77 /* LaunchScreen.storyboard */,
			);
			name = LaunchScreen;
			sourceTree = "<group>";
		};
		99F907CC1E5C9ED700FF0920 /* ImagesList */ = {
			isa = PBXGroup;
			children = (
				99F907CD1E5C9F4A00FF0920 /* ImagesList.storyboard */,
				99F907F51E5CE35500FF0920 /* Main list */,
				99F907F61E5CE36100FF0920 /* Details */,
			);
			name = ImagesList;
			sourceTree = "<group>";
		};
		99F907CF1E5CA10000FF0920 /* Frameworks */ = {
			isa = PBXGroup;
			children = (
				99F907EC1E5CBF3700FF0920 /* Timepiece.framework */,
				99F907D61E5CA11200FF0920 /* SwiftyJSON.framework */,
				99F907D41E5CA10A00FF0920 /* DZNEmptyDataSet.framework */,
				99F907D21E5CA10400FF0920 /* AlamofireImage.framework */,
				99F907D01E5CA10000FF0920 /* Alamofire.framework */,
			);
			name = Frameworks;
			sourceTree = "<group>";
		};
		99F907E31E5CA86D00FF0920 /* FlickrFeed */ = {
			isa = PBXGroup;
			children = (
				99F907E11E5CA82F00FF0920 /* FlickrFeedController.swift */,
				99F907E41E5CA89500FF0920 /* FlickrFeedModel.swift */,
				99F907E61E5CAB0F00FF0920 /* FlickrFeedRequest.swift */,
				99F907EE1E5CBF9400FF0920 /* FlickrFeedInterpreter.swift */,
			);
			name = FlickrFeed;
			sourceTree = "<group>";
		};
		99F907F51E5CE35500FF0920 /* Main list */ = {
			isa = PBXGroup;
			children = (
				99F907E81E5CAE4B00FF0920 /* ImageListViewController.swift */,
				99F907F01E5CC1C900FF0920 /* ImageListTableViewCell.swift */,
				99F907F21E5CC35300FF0920 /* ImageListTableDataSource.swift */,
			);
			name = "Main list";
			sourceTree = "<group>";
		};
		99F907F61E5CE36100FF0920 /* Details */ = {
			isa = PBXGroup;
			children = (
				99F907EA1E5CAE5C00FF0920 /* ImageDetailsViewController.swift */,
				99F907F71E5CE5D900FF0920 /* ImageDetailsDataSource.swift */,
			);
			name = Details;
			sourceTree = "<group>";
		};
		99FFEB2E1E5B8240003A3F77 = {
			isa = PBXGroup;
			children = (
				99FFEB6A1E5B89A0003A3F77 /* .gitignore */,
				99FFEB681E5B84E7003A3F77 /* Cartfile */,
				99FFEB391E5B8241003A3F77 /* YetAnotherImageGallery */,
				99FFEB4E1E5B8241003A3F77 /* YetAnotherImageGalleryTests */,
				99FFEB591E5B8241003A3F77 /* YetAnotherImageGalleryUITests */,
				99FFEB381E5B8241003A3F77 /* Products */,
				99F907CF1E5CA10000FF0920 /* Frameworks */,
			);
			sourceTree = "<group>";
		};
		99FFEB381E5B8241003A3F77 /* Products */ = {
			isa = PBXGroup;
			children = (
				99FFEB371E5B8241003A3F77 /* YetAnotherImageGallery.app */,
				99FFEB4B1E5B8241003A3F77 /* YetAnotherImageGalleryTests.xctest */,
				99FFEB561E5B8241003A3F77 /* YetAnotherImageGalleryUITests.xctest */,
			);
			name = Products;
			sourceTree = "<group>";
		};
		99FFEB391E5B8241003A3F77 /* YetAnotherImageGallery */ = {
			isa = PBXGroup;
			children = (
				99F907C91E5C9E7D00FF0920 /* UI */,
				99F907CA1E5C9EA800FF0920 /* DomainLogic */,
				99F907C81E5C9E7000FF0920 /* Networking */,
				99FFEB3A1E5B8241003A3F77 /* AppDelegate.swift */,
				99FFEB411E5B8241003A3F77 /* Assets.xcassets */,
				99FFEB461E5B8241003A3F77 /* Info.plist */,
			);
			path = YetAnotherImageGallery;
			sourceTree = "<group>";
		};
		99FFEB4E1E5B8241003A3F77 /* YetAnotherImageGalleryTests */ = {
			isa = PBXGroup;
			children = (
				99FFEB4F1E5B8241003A3F77 /* YetAnotherImageGalleryTests.swift */,
				99FFEB511E5B8241003A3F77 /* Info.plist */,
			);
			path = YetAnotherImageGalleryTests;
			sourceTree = "<group>";
		};
		99FFEB591E5B8241003A3F77 /* YetAnotherImageGalleryUITests */ = {
			isa = PBXGroup;
			children = (
				99FFEB5A1E5B8241003A3F77 /* YetAnotherImageGalleryUITests.swift */,
				99FFEB5C1E5B8241003A3F77 /* Info.plist */,
			);
			path = YetAnotherImageGalleryUITests;
			sourceTree = "<group>";
		};
/* End PBXGroup section */

/* Begin PBXNativeTarget section */
		99FFEB361E5B8241003A3F77 /* YetAnotherImageGallery */ = {
			isa = PBXNativeTarget;
			buildConfigurationList = 99FFEB5F1E5B8241003A3F77 /* Build configuration list for PBXNativeTarget "YetAnotherImageGallery" */;
			buildPhases = (
				99FFEB331E5B8241003A3F77 /* Sources */,
				99FFEB341E5B8241003A3F77 /* Frameworks */,
				99FFEB351E5B8241003A3F77 /* Resources */,
				99F907D81E5CA14200FF0920 /* ShellScript */,
			);
			buildRules = (
			);
			dependencies = (
			);
			name = YetAnotherImageGallery;
			productName = YetAnotherImageGallery;
			productReference = 99FFEB371E5B8241003A3F77 /* YetAnotherImageGallery.app */;
			productType = "com.apple.product-type.application";
		};
		99FFEB4A1E5B8241003A3F77 /* YetAnotherImageGalleryTests */ = {
			isa = PBXNativeTarget;
			buildConfigurationList = 99FFEB621E5B8241003A3F77 /* Build configuration list for PBXNativeTarget "YetAnotherImageGalleryTests" */;
			buildPhases = (
				99FFEB471E5B8241003A3F77 /* Sources */,
				99FFEB481E5B8241003A3F77 /* Frameworks */,
				99FFEB491E5B8241003A3F77 /* Resources */,
			);
			buildRules = (
			);
			dependencies = (
				99FFEB4D1E5B8241003A3F77 /* PBXTargetDependency */,
			);
			name = YetAnotherImageGalleryTests;
			productName = YetAnotherImageGalleryTests;
			productReference = 99FFEB4B1E5B8241003A3F77 /* YetAnotherImageGalleryTests.xctest */;
			productType = "com.apple.product-type.bundle.unit-test";
		};
		99FFEB551E5B8241003A3F77 /* YetAnotherImageGalleryUITests */ = {
			isa = PBXNativeTarget;
			buildConfigurationList = 99FFEB651E5B8241003A3F77 /* Build configuration list for PBXNativeTarget "YetAnotherImageGalleryUITests" */;
			buildPhases = (
				99FFEB521E5B8241003A3F77 /* Sources */,
				99FFEB531E5B8241003A3F77 /* Frameworks */,
				99FFEB541E5B8241003A3F77 /* Resources */,
			);
			buildRules = (
			);
			dependencies = (
				99FFEB581E5B8241003A3F77 /* PBXTargetDependency */,
			);
			name = YetAnotherImageGalleryUITests;
			productName = YetAnotherImageGalleryUITests;
			productReference = 99FFEB561E5B8241003A3F77 /* YetAnotherImageGalleryUITests.xctest */;
			productType = "com.apple.product-type.bundle.ui-testing";
		};
/* End PBXNativeTarget section */

/* Begin PBXProject section */
		99FFEB2F1E5B8240003A3F77 /* Project object */ = {
			isa = PBXProject;
			attributes = {
				LastSwiftUpdateCheck = 0820;
				LastUpgradeCheck = 0820;
				ORGANIZATIONNAME = "Zbigniew Górawski";
				TargetAttributes = {
					99FFEB361E5B8241003A3F77 = {
						CreatedOnToolsVersion = 8.2;
						DevelopmentTeam = 9N8WSR7KDY;
						ProvisioningStyle = Automatic;
					};
					99FFEB4A1E5B8241003A3F77 = {
						CreatedOnToolsVersion = 8.2;
						DevelopmentTeam = 9N8WSR7KDY;
						ProvisioningStyle = Automatic;
						TestTargetID = 99FFEB361E5B8241003A3F77;
					};
					99FFEB551E5B8241003A3F77 = {
						CreatedOnToolsVersion = 8.2;
						DevelopmentTeam = 9N8WSR7KDY;
						ProvisioningStyle = Automatic;
						TestTargetID = 99FFEB361E5B8241003A3F77;
					};
				};
			};
			buildConfigurationList = 99FFEB321E5B8240003A3F77 /* Build configuration list for PBXProject "YetAnotherImageGallery" */;
			compatibilityVersion = "Xcode 3.2";
			developmentRegion = English;
			hasScannedForEncodings = 0;
			knownRegions = (
				en,
				Base,
			);
			mainGroup = 99FFEB2E1E5B8240003A3F77;
			productRefGroup = 99FFEB381E5B8241003A3F77 /* Products */;
			projectDirPath = "";
			projectRoot = "";
			targets = (
				99FFEB361E5B8241003A3F77 /* YetAnotherImageGallery */,
				99FFEB4A1E5B8241003A3F77 /* YetAnotherImageGalleryTests */,
				99FFEB551E5B8241003A3F77 /* YetAnotherImageGalleryUITests */,
			);
		};
/* End PBXProject section */

/* Begin PBXResourcesBuildPhase section */
		99FFEB351E5B8241003A3F77 /* Resources */ = {
			isa = PBXResourcesBuildPhase;
			buildActionMask = 2147483647;
			files = (
				99FFEB6B1E5B89A0003A3F77 /* .gitignore in Resources */,
				99FFEB451E5B8241003A3F77 /* LaunchScreen.storyboard in Resources */,
				99F907CE1E5C9F4A00FF0920 /* ImagesList.storyboard in Resources */,
				99FFEB421E5B8241003A3F77 /* Assets.xcassets in Resources */,
				99FFEB691E5B84E7003A3F77 /* Cartfile in Resources */,
			);
			runOnlyForDeploymentPostprocessing = 0;
		};
		99FFEB491E5B8241003A3F77 /* Resources */ = {
			isa = PBXResourcesBuildPhase;
			buildActionMask = 2147483647;
			files = (
			);
			runOnlyForDeploymentPostprocessing = 0;
		};
		99FFEB541E5B8241003A3F77 /* Resources */ = {
			isa = PBXResourcesBuildPhase;
			buildActionMask = 2147483647;
			files = (
			);
			runOnlyForDeploymentPostprocessing = 0;
		};
/* End PBXResourcesBuildPhase section */

/* Begin PBXShellScriptBuildPhase section */
		99F907D81E5CA14200FF0920 /* ShellScript */ = {
			isa = PBXShellScriptBuildPhase;
			buildActionMask = 2147483647;
			files = (
			);
			inputPaths = (
				"$(SRCROOT)/Carthage/Build/iOS/Alamofire.framework",
				"$(SRCROOT)/Carthage/Build/iOS/AlamofireImage.framework",
				"$(SRCROOT)/Carthage/Build/iOS/DZNEmptyDataSet.framework",
				"$(SRCROOT)/Carthage/Build/iOS/SwiftyJSON.framework",
				"$(SRCROOT)/Carthage/Build/iOS/Timepiece.framework",
			);
			outputPaths = (
			);
			runOnlyForDeploymentPostprocessing = 0;
			shellPath = /bin/sh;
			shellScript = "/usr/local/bin/carthage copy-frameworks";
		};
/* End PBXShellScriptBuildPhase section */

/* Begin PBXSourcesBuildPhase section */
		99FFEB331E5B8241003A3F77 /* Sources */ = {
			isa = PBXSourcesBuildPhase;
			buildActionMask = 2147483647;
			files = (
				99F907E21E5CA82F00FF0920 /* FlickrFeedController.swift in Sources */,
				99F907DC1E5CA2DD00FF0920 /* RequestProtocol.swift in Sources */,
				99F907E71E5CAB0F00FF0920 /* FlickrFeedRequest.swift in Sources */,
				99F907F81E5CE5D900FF0920 /* ImageDetailsDataSource.swift in Sources */,
				99F907E51E5CA89500FF0920 /* FlickrFeedModel.swift in Sources */,
				99F907EB1E5CAE5C00FF0920 /* ImageDetailsViewController.swift in Sources */,
				99F907F11E5CC1C900FF0920 /* ImageListTableViewCell.swift in Sources */,
				99FFEB3B1E5B8241003A3F77 /* AppDelegate.swift in Sources */,
				99F907DE1E5CA2ED00FF0920 /* InterpreterProtocol.swift in Sources */,
				99F907EF1E5CBF9400FF0920 /* FlickrFeedInterpreter.swift in Sources */,
				99F907E91E5CAE4B00FF0920 /* ImageListViewController.swift in Sources */,
				99F907DA1E5CA23C00FF0920 /* NetworkingEngine.swift in Sources */,
				99F907F31E5CC35300FF0920 /* ImageListTableDataSource.swift in Sources */,
				99F907E01E5CA31400FF0920 /* ResponseModel.swift in Sources */,
			);
			runOnlyForDeploymentPostprocessing = 0;
		};
		99FFEB471E5B8241003A3F77 /* Sources */ = {
			isa = PBXSourcesBuildPhase;
			buildActionMask = 2147483647;
			files = (
				99FFEB501E5B8241003A3F77 /* YetAnotherImageGalleryTests.swift in Sources */,
			);
			runOnlyForDeploymentPostprocessing = 0;
		};
		99FFEB521E5B8241003A3F77 /* Sources */ = {
			isa = PBXSourcesBuildPhase;
			buildActionMask = 2147483647;
			files = (
				99FFEB5B1E5B8241003A3F77 /* YetAnotherImageGalleryUITests.swift in Sources */,
			);
			runOnlyForDeploymentPostprocessing = 0;
		};
/* End PBXSourcesBuildPhase section */

/* Begin PBXTargetDependency section */
		99FFEB4D1E5B8241003A3F77 /* PBXTargetDependency */ = {
			isa = PBXTargetDependency;
			target = 99FFEB361E5B8241003A3F77 /* YetAnotherImageGallery */;
			targetProxy = 99FFEB4C1E5B8241003A3F77 /* PBXContainerItemProxy */;
		};
		99FFEB581E5B8241003A3F77 /* PBXTargetDependency */ = {
			isa = PBXTargetDependency;
			target = 99FFEB361E5B8241003A3F77 /* YetAnotherImageGallery */;
			targetProxy = 99FFEB571E5B8241003A3F77 /* PBXContainerItemProxy */;
		};
/* End PBXTargetDependency section */

/* Begin PBXVariantGroup section */
		99FFEB431E5B8241003A3F77 /* LaunchScreen.storyboard */ = {
			isa = PBXVariantGroup;
			children = (
				99FFEB441E5B8241003A3F77 /* Base */,
			);
			name = LaunchScreen.storyboard;
			path = ..;
			sourceTree = "<group>";
		};
/* End PBXVariantGroup section */

/* Begin XCBuildConfiguration section */
		99FFEB5D1E5B8241003A3F77 /* Debug */ = {
			isa = XCBuildConfiguration;
			buildSettings = {
				ALWAYS_SEARCH_USER_PATHS = NO;
				CLANG_ANALYZER_NONNULL = YES;
				CLANG_CXX_LANGUAGE_STANDARD = "gnu++0x";
				CLANG_CXX_LIBRARY = "libc++";
				CLANG_ENABLE_MODULES = YES;
				CLANG_ENABLE_OBJC_ARC = YES;
				CLANG_WARN_BOOL_CONVERSION = YES;
				CLANG_WARN_CONSTANT_CONVERSION = YES;
				CLANG_WARN_DIRECT_OBJC_ISA_USAGE = YES_ERROR;
				CLANG_WARN_DOCUMENTATION_COMMENTS = YES;
				CLANG_WARN_EMPTY_BODY = YES;
				CLANG_WARN_ENUM_CONVERSION = YES;
				CLANG_WARN_INFINITE_RECURSION = YES;
				CLANG_WARN_INT_CONVERSION = YES;
				CLANG_WARN_OBJC_ROOT_CLASS = YES_ERROR;
				CLANG_WARN_SUSPICIOUS_MOVE = YES;
				CLANG_WARN_UNREACHABLE_CODE = YES;
				CLANG_WARN__DUPLICATE_METHOD_MATCH = YES;
				"CODE_SIGN_IDENTITY[sdk=iphoneos*]" = "iPhone Developer";
				COPY_PHASE_STRIP = NO;
				DEBUG_INFORMATION_FORMAT = dwarf;
				ENABLE_STRICT_OBJC_MSGSEND = YES;
				ENABLE_TESTABILITY = YES;
				GCC_C_LANGUAGE_STANDARD = gnu99;
				GCC_DYNAMIC_NO_PIC = NO;
				GCC_NO_COMMON_BLOCKS = YES;
				GCC_OPTIMIZATION_LEVEL = 0;
				GCC_PREPROCESSOR_DEFINITIONS = (
					"DEBUG=1",
					"$(inherited)",
				);
				GCC_WARN_64_TO_32_BIT_CONVERSION = YES;
				GCC_WARN_ABOUT_RETURN_TYPE = YES_ERROR;
				GCC_WARN_UNDECLARED_SELECTOR = YES;
				GCC_WARN_UNINITIALIZED_AUTOS = YES_AGGRESSIVE;
				GCC_WARN_UNUSED_FUNCTION = YES;
				GCC_WARN_UNUSED_VARIABLE = YES;
				IPHONEOS_DEPLOYMENT_TARGET = 10.2;
				MTL_ENABLE_DEBUG_INFO = YES;
				ONLY_ACTIVE_ARCH = YES;
				SDKROOT = iphoneos;
				SWIFT_ACTIVE_COMPILATION_CONDITIONS = DEBUG;
				SWIFT_OPTIMIZATION_LEVEL = "-Onone";
				TARGETED_DEVICE_FAMILY = "1,2";
			};
			name = Debug;
		};
		99FFEB5E1E5B8241003A3F77 /* Release */ = {
			isa = XCBuildConfiguration;
			buildSettings = {
				ALWAYS_SEARCH_USER_PATHS = NO;
				CLANG_ANALYZER_NONNULL = YES;
				CLANG_CXX_LANGUAGE_STANDARD = "gnu++0x";
				CLANG_CXX_LIBRARY = "libc++";
				CLANG_ENABLE_MODULES = YES;
				CLANG_ENABLE_OBJC_ARC = YES;
				CLANG_WARN_BOOL_CONVERSION = YES;
				CLANG_WARN_CONSTANT_CONVERSION = YES;
				CLANG_WARN_DIRECT_OBJC_ISA_USAGE = YES_ERROR;
				CLANG_WARN_DOCUMENTATION_COMMENTS = YES;
				CLANG_WARN_EMPTY_BODY = YES;
				CLANG_WARN_ENUM_CONVERSION = YES;
				CLANG_WARN_INFINITE_RECURSION = YES;
				CLANG_WARN_INT_CONVERSION = YES;
				CLANG_WARN_OBJC_ROOT_CLASS = YES_ERROR;
				CLANG_WARN_SUSPICIOUS_MOVE = YES;
				CLANG_WARN_UNREACHABLE_CODE = YES;
				CLANG_WARN__DUPLICATE_METHOD_MATCH = YES;
				"CODE_SIGN_IDENTITY[sdk=iphoneos*]" = "iPhone Developer";
				COPY_PHASE_STRIP = NO;
				DEBUG_INFORMATION_FORMAT = "dwarf-with-dsym";
				ENABLE_NS_ASSERTIONS = NO;
				ENABLE_STRICT_OBJC_MSGSEND = YES;
				GCC_C_LANGUAGE_STANDARD = gnu99;
				GCC_NO_COMMON_BLOCKS = YES;
				GCC_WARN_64_TO_32_BIT_CONVERSION = YES;
				GCC_WARN_ABOUT_RETURN_TYPE = YES_ERROR;
				GCC_WARN_UNDECLARED_SELECTOR = YES;
				GCC_WARN_UNINITIALIZED_AUTOS = YES_AGGRESSIVE;
				GCC_WARN_UNUSED_FUNCTION = YES;
				GCC_WARN_UNUSED_VARIABLE = YES;
				IPHONEOS_DEPLOYMENT_TARGET = 10.2;
				MTL_ENABLE_DEBUG_INFO = NO;
				SDKROOT = iphoneos;
				SWIFT_OPTIMIZATION_LEVEL = "-Owholemodule";
				TARGETED_DEVICE_FAMILY = "1,2";
				VALIDATE_PRODUCT = YES;
			};
			name = Release;
		};
		99FFEB601E5B8241003A3F77 /* Debug */ = {
			isa = XCBuildConfiguration;
			buildSettings = {
				ASSETCATALOG_COMPILER_APPICON_NAME = AppIcon;
				DEVELOPMENT_TEAM = 9N8WSR7KDY;
				FRAMEWORK_SEARCH_PATHS = (
					"$(inherited)",
					"$(PROJECT_DIR)/Carthage/Build/iOS",
				);
				INFOPLIST_FILE = YetAnotherImageGallery/Info.plist;
				LD_RUNPATH_SEARCH_PATHS = "$(inherited) @executable_path/Frameworks";
				PRODUCT_BUNDLE_IDENTIFIER = ZG.YetAnotherImageGallery;
				PRODUCT_NAME = "$(TARGET_NAME)";
				SWIFT_VERSION = 3.0;
			};
			name = Debug;
		};
		99FFEB611E5B8241003A3F77 /* Release */ = {
			isa = XCBuildConfiguration;
			buildSettings = {
				ASSETCATALOG_COMPILER_APPICON_NAME = AppIcon;
				DEVELOPMENT_TEAM = 9N8WSR7KDY;
				FRAMEWORK_SEARCH_PATHS = (
					"$(inherited)",
					"$(PROJECT_DIR)/Carthage/Build/iOS",
				);
				INFOPLIST_FILE = YetAnotherImageGallery/Info.plist;
				LD_RUNPATH_SEARCH_PATHS = "$(inherited) @executable_path/Frameworks";
				PRODUCT_BUNDLE_IDENTIFIER = ZG.YetAnotherImageGallery;
				PRODUCT_NAME = "$(TARGET_NAME)";
				SWIFT_VERSION = 3.0;
			};
			name = Release;
		};
		99FFEB631E5B8241003A3F77 /* Debug */ = {
			isa = XCBuildConfiguration;
			buildSettings = {
				ALWAYS_EMBED_SWIFT_STANDARD_LIBRARIES = YES;
				BUNDLE_LOADER = "$(TEST_HOST)";
				DEVELOPMENT_TEAM = 9N8WSR7KDY;
				INFOPLIST_FILE = YetAnotherImageGalleryTests/Info.plist;
				LD_RUNPATH_SEARCH_PATHS = "$(inherited) @executable_path/Frameworks @loader_path/Frameworks";
				PRODUCT_BUNDLE_IDENTIFIER = ZG.YetAnotherImageGalleryTests;
				PRODUCT_NAME = "$(TARGET_NAME)";
				SWIFT_VERSION = 3.0;
				TEST_HOST = "$(BUILT_PRODUCTS_DIR)/YetAnotherImageGallery.app/YetAnotherImageGallery";
			};
			name = Debug;
		};
		99FFEB641E5B8241003A3F77 /* Release */ = {
			isa = XCBuildConfiguration;
			buildSettings = {
				ALWAYS_EMBED_SWIFT_STANDARD_LIBRARIES = YES;
				BUNDLE_LOADER = "$(TEST_HOST)";
				DEVELOPMENT_TEAM = 9N8WSR7KDY;
				INFOPLIST_FILE = YetAnotherImageGalleryTests/Info.plist;
				LD_RUNPATH_SEARCH_PATHS = "$(inherited) @executable_path/Frameworks @loader_path/Frameworks";
				PRODUCT_BUNDLE_IDENTIFIER = ZG.YetAnotherImageGalleryTests;
				PRODUCT_NAME = "$(TARGET_NAME)";
				SWIFT_VERSION = 3.0;
				TEST_HOST = "$(BUILT_PRODUCTS_DIR)/YetAnotherImageGallery.app/YetAnotherImageGallery";
			};
			name = Release;
		};
		99FFEB661E5B8241003A3F77 /* Debug */ = {
			isa = XCBuildConfiguration;
			buildSettings = {
				ALWAYS_EMBED_SWIFT_STANDARD_LIBRARIES = YES;
				DEVELOPMENT_TEAM = 9N8WSR7KDY;
				INFOPLIST_FILE = YetAnotherImageGalleryUITests/Info.plist;
				LD_RUNPATH_SEARCH_PATHS = "$(inherited) @executable_path/Frameworks @loader_path/Frameworks";
				PRODUCT_BUNDLE_IDENTIFIER = ZG.YetAnotherImageGalleryUITests;
				PRODUCT_NAME = "$(TARGET_NAME)";
				SWIFT_VERSION = 3.0;
				TEST_TARGET_NAME = YetAnotherImageGallery;
			};
			name = Debug;
		};
		99FFEB671E5B8241003A3F77 /* Release */ = {
			isa = XCBuildConfiguration;
			buildSettings = {
				ALWAYS_EMBED_SWIFT_STANDARD_LIBRARIES = YES;
				DEVELOPMENT_TEAM = 9N8WSR7KDY;
				INFOPLIST_FILE = YetAnotherImageGalleryUITests/Info.plist;
				LD_RUNPATH_SEARCH_PATHS = "$(inherited) @executable_path/Frameworks @loader_path/Frameworks";
				PRODUCT_BUNDLE_IDENTIFIER = ZG.YetAnotherImageGalleryUITests;
				PRODUCT_NAME = "$(TARGET_NAME)";
				SWIFT_VERSION = 3.0;
				TEST_TARGET_NAME = YetAnotherImageGallery;
			};
			name = Release;
		};
/* End XCBuildConfiguration section */

/* Begin XCConfigurationList section */
		99FFEB321E5B8240003A3F77 /* Build configuration list for PBXProject "YetAnotherImageGallery" */ = {
			isa = XCConfigurationList;
			buildConfigurations = (
				99FFEB5D1E5B8241003A3F77 /* Debug */,
				99FFEB5E1E5B8241003A3F77 /* Release */,
			);
			defaultConfigurationIsVisible = 0;
			defaultConfigurationName = Release;
		};
		99FFEB5F1E5B8241003A3F77 /* Build configuration list for PBXNativeTarget "YetAnotherImageGallery" */ = {
			isa = XCConfigurationList;
			buildConfigurations = (
				99FFEB601E5B8241003A3F77 /* Debug */,
				99FFEB611E5B8241003A3F77 /* Release */,
			);
			defaultConfigurationIsVisible = 0;
			defaultConfigurationName = Release;
		};
		99FFEB621E5B8241003A3F77 /* Build configuration list for PBXNativeTarget "YetAnotherImageGalleryTests" */ = {
			isa = XCConfigurationList;
			buildConfigurations = (
				99FFEB631E5B8241003A3F77 /* Debug */,
				99FFEB641E5B8241003A3F77 /* Release */,
			);
			defaultConfigurationIsVisible = 0;
			defaultConfigurationName = Release;
		};
		99FFEB651E5B8241003A3F77 /* Build configuration list for PBXNativeTarget "YetAnotherImageGalleryUITests" */ = {
			isa = XCConfigurationList;
			buildConfigurations = (
				99FFEB661E5B8241003A3F77 /* Debug */,
				99FFEB671E5B8241003A3F77 /* Release */,
			);
			defaultConfigurationIsVisible = 0;
			defaultConfigurationName = Release;
		};
/* End XCConfigurationList section */
	};
	rootObject = 99FFEB2F1E5B8240003A3F77 /* Project object */;
}
